
Microsoft Visual Studio Solution File, Format Version 12.00
# Visual Studio Version 17
VisualStudioVersion = 17.14.36603.0 d17.14
MinimumVisualStudioVersion = 10.0.40219.1
Project("{FAE04EC0-301F-11D3-BF4B-00C04F79EFBC}") = "LLuvia", "LLuvia.csproj", "{2C8425D8-89C1-4A8A-9BEF-709AFA689617}"
EndProject
Global
	GlobalSection(SolutionConfigurationPlatforms) = preSolution
		Debug|Any CPU = Debug|Any CPU
		Release|Any CPU = Release|Any CPU
	EndGlobalSection
	GlobalSection(ProjectConfigurationPlatforms) = postSolution
		{2C8425D8-89C1-4A8A-9BEF-709AFA689617}.Debug|Any CPU.ActiveCfg = Debug|Any CPU
		{2C8425D8-89C1-4A8A-9BEF-709AFA689617}.Debug|Any CPU.Build.0 = Debug|Any CPU
		{2C8425D8-89C1-4A8A-9BEF-709AFA689617}.Release|Any CPU.ActiveCfg = Release|Any CPU
		{2C8425D8-89C1-4A8A-9BEF-709AFA689617}.Release|Any CPU.Build.0 = Release|Any CPU
	EndGlobalSection
	GlobalSection(SolutionProperties) = preSolution
		HideSolutionNode = FALSE
	EndGlobalSection
	GlobalSection(ExtensibilityGlobals) = postSolution
		SolutionGuid = {7B9394FA-AE2B-4C20-94C3-AF0C4FD96B84}
	EndGlobalSection
EndGlobal
